# This file is automatically @generated by Cargo.
# It is not intended for manual editing.
version = 3

[[package]]
name = "async-trait"
version = "0.1.75"
source = "registry+https://github.com/rust-lang/crates.io-index"
checksum = "fdf6721fb0140e4f897002dd086c06f6c27775df19cfe1fccb21181a48fd2c98"
dependencies = [
 "proc-macro2",
 "quote",
 "syn",
]

[[package]]
name = "delta-radix-hal"
version = "0.1.0"
source = "git+https://github.com/AaronC81/delta-radix#73b7add802ea23a5c2e1c4bb8e41de64aabcad2f"

[[package]]
name = "delta-radix-os"
version = "0.1.0"
source = "git+https://github.com/AaronC81/delta-radix#73b7add802ea23a5c2e1c4bb8e41de64aabcad2f"
dependencies = [
 "async-trait",
 "delta-radix-hal",
 "flex-int",
]

[[package]]
name = "flex-int"
version = "0.1.0"
source = "git+https://github.com/AaronC81/delta-radix#73b7add802ea23a5c2e1c4bb8e41de64aabcad2f"

[[package]]
name = "proc-macro2"
version = "1.0.71"
source = "registry+https://github.com/rust-lang/crates.io-index"
checksum = "75cb1540fadbd5b8fbccc4dddad2734eba435053f725621c070711a14bb5f4b8"
dependencies = [
 "unicode-ident",
]

[[package]]
name = "quote"
version = "1.0.33"
source = "registry+https://github.com/rust-lang/crates.io-index"
checksum = "5267fca4496028628a95160fc423a33e8b2e6af8a5302579e322e4b520293cae"
dependencies = [
 "proc-macro2",
]

[[package]]
name = "rs"
version = "0.1.0"
dependencies = [
 "delta-radix-hal",
 "delta-radix-os",
]

[[package]]
name = "syn"
version = "2.0.43"
source = "registry+https://github.com/rust-lang/crates.io-index"
checksum = "ee659fb5f3d355364e1f3e5bc10fb82068efbf824a1e9d1c9504244a6469ad53"
dependencies = [
 "proc-macro2",
 "quote",
 "unicode-ident",
]

[[package]]
name = "unicode-ident"
version = "1.0.12"
source = "registry+https://github.com/rust-lang/crates.io-index"
checksum = "3354b9ac3fae1ff6755cb6db53683adb661634f67557942dea4facebec0fee4b"
